
Microsoft Visual Studio Solution File, Format Version 12.00
# Visual Studio Version 16
VisualStudioVersion = 16.0.31205.134
MinimumVisualStudioVersion = 10.0.40219.1
Project("{FAE04EC0-301F-11D3-BF4B-00C04F79EFBC}") = "v0520", "v0520\v0520.csproj", "{7040FD04-0D41-4E9E-B415-93CE7108B6EC}"
EndProject
Global
	GlobalSection(SolutionConfigurationPlatforms) = preSolution
		Debug|Any CPU = Debug|Any CPU
		Release|Any CPU = Release|Any CPU
	EndGlobalSection
	GlobalSection(ProjectConfigurationPlatforms) = postSolution
		{7040FD04-0D41-4E9E-B415-93CE7108B6EC}.Debug|Any CPU.ActiveCfg = Debug|Any CPU
		{7040FD04-0D41-4E9E-B415-93CE7108B6EC}.Debug|Any CPU.Build.0 = Debug|Any CPU
		{7040FD04-0D41-4E9E-B415-93CE7108B6EC}.Release|Any CPU.ActiveCfg = Release|Any CPU
		{7040FD04-0D41-4E9E-B415-93CE7108B6EC}.Release|Any CPU.Build.0 = Release|Any CPU
	EndGlobalSection
	GlobalSection(SolutionProperties) = preSolution
		HideSolutionNode = FALSE
	EndGlobalSection
	GlobalSection(ExtensibilityGlobals) = postSolution
		SolutionGuid = {4688F351-5282-43B5-97BC-F92CEF968456}
	EndGlobalSection
EndGlobal
